// !$*UTF8*$!
{
	archiveVersion = 1;
	classes = {
	};
	objectVersion = 46;
	objects = {

/* Begin PBXBuildFile section */
		988110A280351ACFE2CB4214 /* libPods.a in Frameworks */ = {isa = PBXBuildFile; fileRef = 130853B032CE68D86C786E8D /* libPods.a */; };
		C423A3F01B4E80B700664149 /* UIImage+VVebo.m in Sources */ = {isa = PBXBuildFile; fileRef = C423A3EB1B4E80B700664149 /* UIImage+VVebo.m */; };
		C423A3F11B4E80B700664149 /* UIImageView+VVebo.m in Sources */ = {isa = PBXBuildFile; fileRef = C423A3ED1B4E80B700664149 /* UIImageView+VVebo.m */; };
		C423A3F21B4E80B700664149 /* VVeboImageTicker.m in Sources */ = {isa = PBXBuildFile; fileRef = C423A3EF1B4E80B700664149 /* VVeboImageTicker.m */; };
		C4BDBD8E18C9C5DC0072AD6B /* Foundation.framework in Frameworks */ = {isa = PBXBuildFile; fileRef = C4BDBD8D18C9C5DC0072AD6B /* Foundation.framework */; };
		C4BDBD9018C9C5DC0072AD6B /* CoreGraphics.framework in Frameworks */ = {isa = PBXBuildFile; fileRef = C4BDBD8F18C9C5DC0072AD6B /* CoreGraphics.framework */; };
		C4BDBD9218C9C5DC0072AD6B /* UIKit.framework in Frameworks */ = {isa = PBXBuildFile; fileRef = C4BDBD9118C9C5DC0072AD6B /* UIKit.framework */; };
		C4BDBD9818C9C5DC0072AD6B /* InfoPlist.strings in Resources */ = {isa = PBXBuildFile; fileRef = C4BDBD9618C9C5DC0072AD6B /* InfoPlist.strings */; };
		C4BDBD9A18C9C5DC0072AD6B /* main.m in Sources */ = {isa = PBXBuildFile; fileRef = C4BDBD9918C9C5DC0072AD6B /* main.m */; };
		C4BDBD9E18C9C5DC0072AD6B /* AppDelegate.m in Sources */ = {isa = PBXBuildFile; fileRef = C4BDBD9D18C9C5DC0072AD6B /* AppDelegate.m */; };
		C4BDBDA118C9C5DD0072AD6B /* Main.storyboard in Resources */ = {isa = PBXBuildFile; fileRef = C4BDBD9F18C9C5DD0072AD6B /* Main.storyboard */; };
		C4BDBDA418C9C5DD0072AD6B /* ViewController.m in Sources */ = {isa = PBXBuildFile; fileRef = C4BDBDA318C9C5DD0072AD6B /* ViewController.m */; };
		C4BDBDA618C9C5DD0072AD6B /* Images.xcassets in Resources */ = {isa = PBXBuildFile; fileRef = C4BDBDA518C9C5DD0072AD6B /* Images.xcassets */; };
		C4BDBDAD18C9C5DD0072AD6B /* XCTest.framework in Frameworks */ = {isa = PBXBuildFile; fileRef = C4BDBDAC18C9C5DD0072AD6B /* XCTest.framework */; };
		C4BDBDAE18C9C5DD0072AD6B /* Foundation.framework in Frameworks */ = {isa = PBXBuildFile; fileRef = C4BDBD8D18C9C5DC0072AD6B /* Foundation.framework */; };
		C4BDBDAF18C9C5DD0072AD6B /* UIKit.framework in Frameworks */ = {isa = PBXBuildFile; fileRef = C4BDBD9118C9C5DC0072AD6B /* UIKit.framework */; };
		C4BDBDB718C9C5DD0072AD6B /* InfoPlist.strings in Resources */ = {isa = PBXBuildFile; fileRef = C4BDBDB518C9C5DD0072AD6B /* InfoPlist.strings */; };
		C4BDBDB918C9C5DD0072AD6B /* VVeboImageViewTests.m in Sources */ = {isa = PBXBuildFile; fileRef = C4BDBDB818C9C5DD0072AD6B /* VVeboImageViewTests.m */; };
/* End PBXBuildFile section */

/* Begin PBXContainerItemProxy section */
		C4BDBDB018C9C5DD0072AD6B /* PBXContainerItemProxy */ = {
			isa = PBXContainerItemProxy;
			containerPortal = C4BDBD8218C9C5DC0072AD6B /* Project object */;
			proxyType = 1;
			remoteGlobalIDString = C4BDBD8918C9C5DC0072AD6B;
			remoteInfo = VVeboImageView;
		};
/* End PBXContainerItemProxy section */

/* Begin PBXFileReference section */
		130853B032CE68D86C786E8D /* libPods.a */ = {isa = PBXFileReference; explicitFileType = archive.ar; includeInIndex = 0; path = libPods.a; sourceTree = BUILT_PRODUCTS_DIR; };
		173CB14C85F68090738ECFE2 /* Pods.release.xcconfig */ = {isa = PBXFileReference; includeInIndex = 1; lastKnownFileType = text.xcconfig; name = Pods.release.xcconfig; path = "Pods/Target Support Files/Pods/Pods.release.xcconfig"; sourceTree = "<group>"; };
		C423A3EA1B4E80B700664149 /* UIImage+VVebo.h */ = {isa = PBXFileReference; fileEncoding = 4; lastKnownFileType = sourcecode.c.h; path = "UIImage+VVebo.h"; sourceTree = "<group>"; };
		C423A3EB1B4E80B700664149 /* UIImage+VVebo.m */ = {isa = PBXFileReference; fileEncoding = 4; lastKnownFileType = sourcecode.c.objc; path = "UIImage+VVebo.m"; sourceTree = "<group>"; };
		C423A3EC1B4E80B700664149 /* UIImageView+VVebo.h */ = {isa = PBXFileReference; fileEncoding = 4; lastKnownFileType = sourcecode.c.h; path = "UIImageView+VVebo.h"; sourceTree = "<group>"; };
		C423A3ED1B4E80B700664149 /* UIImageView+VVebo.m */ = {isa = PBXFileReference; fileEncoding = 4; lastKnownFileType = sourcecode.c.objc; path = "UIImageView+VVebo.m"; sourceTree = "<group>"; };
		C423A3EE1B4E80B700664149 /* VVeboImageTicker.h */ = {isa = PBXFileReference; fileEncoding = 4; lastKnownFileType = sourcecode.c.h; path = VVeboImageTicker.h; sourceTree = "<group>"; };
		C423A3EF1B4E80B700664149 /* VVeboImageTicker.m */ = {isa = PBXFileReference; fileEncoding = 4; lastKnownFileType = sourcecode.c.objc; path = VVeboImageTicker.m; sourceTree = "<group>"; };
		C4BDBD8A18C9C5DC0072AD6B /* VVeboImageView.app */ = {isa = PBXFileReference; explicitFileType = wrapper.application; includeInIndex = 0; path = VVeboImageView.app; sourceTree = BUILT_PRODUCTS_DIR; };
		C4BDBD8D18C9C5DC0072AD6B /* Foundation.framework */ = {isa = PBXFileReference; lastKnownFileType = wrapper.framework; name = Foundation.framework; path = System/Library/Frameworks/Foundation.framework; sourceTree = SDKROOT; };
		C4BDBD8F18C9C5DC0072AD6B /* CoreGraphics.framework */ = {isa = PBXFileReference; lastKnownFileType = wrapper.framework; name = CoreGraphics.framework; path = System/Library/Frameworks/CoreGraphics.framework; sourceTree = SDKROOT; };
		C4BDBD9118C9C5DC0072AD6B /* UIKit.framework */ = {isa = PBXFileReference; lastKnownFileType = wrapper.framework; name = UIKit.framework; path = System/Library/Frameworks/UIKit.framework; sourceTree = SDKROOT; };
		C4BDBD9518C9C5DC0072AD6B /* VVeboImageView-Info.plist */ = {isa = PBXFileReference; lastKnownFileType = text.plist.xml; path = "VVeboImageView-Info.plist"; sourceTree = "<group>"; };
		C4BDBD9718C9C5DC0072AD6B /* en */ = {isa = PBXFileReference; lastKnownFileType = text.plist.strings; name = en; path = en.lproj/InfoPlist.strings; sourceTree = "<group>"; };
		C4BDBD9918C9C5DC0072AD6B /* main.m */ = {isa = PBXFileReference; lastKnownFileType = sourcecode.c.objc; path = main.m; sourceTree = "<group>"; };
		C4BDBD9B18C9C5DC0072AD6B /* VVeboImageView-Prefix.pch */ = {isa = PBXFileReference; lastKnownFileType = sourcecode.c.h; path = "VVeboImageView-Prefix.pch"; sourceTree = "<group>"; };
		C4BDBD9C18C9C5DC0072AD6B /* AppDelegate.h */ = {isa = PBXFileReference; lastKnownFileType = sourcecode.c.h; path = AppDelegate.h; sourceTree = "<group>"; };
		C4BDBD9D18C9C5DC0072AD6B /* AppDelegate.m */ = {isa = PBXFileReference; lastKnownFileType = sourcecode.c.objc; path = AppDelegate.m; sourceTree = "<group>"; };
		C4BDBDA018C9C5DD0072AD6B /* Base */ = {isa = PBXFileReference; lastKnownFileType = file.storyboard; name = Base; path = Base.lproj/Main.storyboard; sourceTree = "<group>"; };
		C4BDBDA218C9C5DD0072AD6B /* ViewController.h */ = {isa = PBXFileReference; lastKnownFileType = sourcecode.c.h; path = ViewController.h; sourceTree = "<group>"; };
		C4BDBDA318C9C5DD0072AD6B /* ViewController.m */ = {isa = PBXFileReference; lastKnownFileType = sourcecode.c.objc; path = ViewController.m; sourceTree = "<group>"; };
		C4BDBDA518C9C5DD0072AD6B /* Images.xcassets */ = {isa = PBXFileReference; lastKnownFileType = folder.assetcatalog; path = Images.xcassets; sourceTree = "<group>"; };
		C4BDBDAB18C9C5DD0072AD6B /* VVeboImageViewTests.xctest */ = {isa = PBXFileReference; explicitFileType = wrapper.cfbundle; includeInIndex = 0; path = VVeboImageViewTests.xctest; sourceTree = BUILT_PRODUCTS_DIR; };
		C4BDBDAC18C9C5DD0072AD6B /* XCTest.framework */ = {isa = PBXFileReference; lastKnownFileType = wrapper.framework; name = XCTest.framework; path = Library/Frameworks/XCTest.framework; sourceTree = DEVELOPER_DIR; };
		C4BDBDB418C9C5DD0072AD6B /* VVeboImageViewTests-Info.plist */ = {isa = PBXFileReference; lastKnownFileType = text.plist.xml; path = "VVeboImageViewTests-Info.plist"; sourceTree = "<group>"; };
		C4BDBDB618C9C5DD0072AD6B /* en */ = {isa = PBXFileReference; lastKnownFileType = text.plist.strings; name = en; path = en.lproj/InfoPlist.strings; sourceTree = "<group>"; };
		C4BDBDB818C9C5DD0072AD6B /* VVeboImageViewTests.m */ = {isa = PBXFileReference; lastKnownFileType = sourcecode.c.objc; path = VVeboImageViewTests.m; sourceTree = "<group>"; };
		C97CC8B36BF8FC41A9F546B4 /* Pods.debug.xcconfig */ = {isa = PBXFileReference; includeInIndex = 1; lastKnownFileType = text.xcconfig; name = Pods.debug.xcconfig; path = "Pods/Target Support Files/Pods/Pods.debug.xcconfig"; sourceTree = "<group>"; };
/* End PBXFileReference section */

/* Begin PBXFrameworksBuildPhase section */
		C4BDBD8718C9C5DC0072AD6B /* Frameworks */ = {
			isa = PBXFrameworksBuildPhase;
			buildActionMask = 2147483647;
			files = (
				C4BDBD9018C9C5DC0072AD6B /* CoreGraphics.framework in Frameworks */,
				C4BDBD9218C9C5DC0072AD6B /* UIKit.framework in Frameworks */,
				C4BDBD8E18C9C5DC0072AD6B /* Foundation.framework in Frameworks */,
				988110A280351ACFE2CB4214 /* libPods.a in Frameworks */,
			);
			runOnlyForDeploymentPostprocessing = 0;
		};
		C4BDBDA818C9C5DD0072AD6B /* Frameworks */ = {
			isa = PBXFrameworksBuildPhase;
			buildActionMask = 2147483647;
			files = (
				C4BDBDAD18C9C5DD0072AD6B /* XCTest.framework in Frameworks */,
				C4BDBDAF18C9C5DD0072AD6B /* UIKit.framework in Frameworks */,
				C4BDBDAE18C9C5DD0072AD6B /* Foundation.framework in Frameworks */,
			);
			runOnlyForDeploymentPostprocessing = 0;
		};
/* End PBXFrameworksBuildPhase section */

/* Begin PBXGroup section */
		10A3AA8CC90B905662A5721C /* Pods */ = {
			isa = PBXGroup;
			children = (
				C97CC8B36BF8FC41A9F546B4 /* Pods.debug.xcconfig */,
				173CB14C85F68090738ECFE2 /* Pods.release.xcconfig */,
			);
			name = Pods;
			sourceTree = "<group>";
		};
		C4BDBD8118C9C5DC0072AD6B = {
			isa = PBXGroup;
			children = (
				C4BDBD9318C9C5DC0072AD6B /* VVeboImageView */,
				C4BDBDB218C9C5DD0072AD6B /* VVeboImageViewTests */,
				C4BDBD8C18C9C5DC0072AD6B /* Frameworks */,
				C4BDBD8B18C9C5DC0072AD6B /* Products */,
				10A3AA8CC90B905662A5721C /* Pods */,
			);
			sourceTree = "<group>";
		};
		C4BDBD8B18C9C5DC0072AD6B /* Products */ = {
			isa = PBXGroup;
			children = (
				C4BDBD8A18C9C5DC0072AD6B /* VVeboImageView.app */,
				C4BDBDAB18C9C5DD0072AD6B /* VVeboImageViewTests.xctest */,
			);
			name = Products;
			sourceTree = "<group>";
		};
		C4BDBD8C18C9C5DC0072AD6B /* Frameworks */ = {
			isa = PBXGroup;
			children = (
				C4BDBD8D18C9C5DC0072AD6B /* Foundation.framework */,
				C4BDBD8F18C9C5DC0072AD6B /* CoreGraphics.framework */,
				C4BDBD9118C9C5DC0072AD6B /* UIKit.framework */,
				C4BDBDAC18C9C5DD0072AD6B /* XCTest.framework */,
				130853B032CE68D86C786E8D /* libPods.a */,
			);
			name = Frameworks;
			sourceTree = "<group>";
		};
		C4BDBD9318C9C5DC0072AD6B /* VVeboImageView */ = {
			isa = PBXGroup;
			children = (
				C423A3EA1B4E80B700664149 /* UIImage+VVebo.h */,
				C423A3EB1B4E80B700664149 /* UIImage+VVebo.m */,
				C423A3EC1B4E80B700664149 /* UIImageView+VVebo.h */,
				C423A3ED1B4E80B700664149 /* UIImageView+VVebo.m */,
				C423A3EE1B4E80B700664149 /* VVeboImageTicker.h */,
				C423A3EF1B4E80B700664149 /* VVeboImageTicker.m */,
				C4BDBD9C18C9C5DC0072AD6B /* AppDelegate.h */,
				C4BDBD9D18C9C5DC0072AD6B /* AppDelegate.m */,
				C4BDBD9F18C9C5DD0072AD6B /* Main.storyboard */,
				C4BDBDA218C9C5DD0072AD6B /* ViewController.h */,
				C4BDBDA318C9C5DD0072AD6B /* ViewController.m */,
				C4BDBDA518C9C5DD0072AD6B /* Images.xcassets */,
				C4BDBD9418C9C5DC0072AD6B /* Supporting Files */,
			);
			path = VVeboImageView;
			sourceTree = "<group>";
		};
		C4BDBD9418C9C5DC0072AD6B /* Supporting Files */ = {
			isa = PBXGroup;
			children = (
				C4BDBD9518C9C5DC0072AD6B /* VVeboImageView-Info.plist */,
				C4BDBD9618C9C5DC0072AD6B /* InfoPlist.strings */,
				C4BDBD9918C9C5DC0072AD6B /* main.m */,
				C4BDBD9B18C9C5DC0072AD6B /* VVeboImageView-Prefix.pch */,
			);
			name = "Supporting Files";
			sourceTree = "<group>";
		};
		C4BDBDB218C9C5DD0072AD6B /* VVeboImageViewTests */ = {
			isa = PBXGroup;
			children = (
				C4BDBDB818C9C5DD0072AD6B /* VVeboImageViewTests.m */,
				C4BDBDB318C9C5DD0072AD6B /* Supporting Files */,
			);
			path = VVeboImageViewTests;
			sourceTree = "<group>";
		};
		C4BDBDB318C9C5DD0072AD6B /* Supporting Files */ = {
			isa = PBXGroup;
			children = (
				C4BDBDB418C9C5DD0072AD6B /* VVeboImageViewTests-Info.plist */,
				C4BDBDB518C9C5DD0072AD6B /* InfoPlist.strings */,
			);
			name = "Supporting Files";
			sourceTree = "<group>";
		};
/* End PBXGroup section */

/* Begin PBXNativeTarget section */
		C4BDBD8918C9C5DC0072AD6B /* VVeboImageView */ = {
			isa = PBXNativeTarget;
			buildConfigurationList = C4BDBDBC18C9C5DD0072AD6B /* Build configuration list for PBXNativeTarget "VVeboImageView" */;
			buildPhases = (
				9F154AC9E7DE524DA2B137F7 /* Check Pods Manifest.lock */,
				C4BDBD8618C9C5DC0072AD6B /* Sources */,
				C4BDBD8718C9C5DC0072AD6B /* Frameworks */,
				C4BDBD8818C9C5DC0072AD6B /* Resources */,
				D897BDCD76D80016635527D7 /* Copy Pods Resources */,
			);
			buildRules = (
			);
			dependencies = (
			);
			name = VVeboImageView;
			productName = VVeboImageView;
			productReference = C4BDBD8A18C9C5DC0072AD6B /* VVeboImageView.app */;
			productType = "com.apple.product-type.application";
		};
		C4BDBDAA18C9C5DD0072AD6B /* VVeboImageViewTests */ = {
			isa = PBXNativeTarget;
			buildConfigurationList = C4BDBDBF18C9C5DD0072AD6B /* Build configuration list for PBXNativeTarget "VVeboImageViewTests" */;
			buildPhases = (
				C4BDBDA718C9C5DD0072AD6B /* Sources */,
				C4BDBDA818C9C5DD0072AD6B /* Frameworks */,
				C4BDBDA918C9C5DD0072AD6B /* Resources */,
			);
			buildRules = (
			);
			dependencies = (
				C4BDBDB118C9C5DD0072AD6B /* PBXTargetDependency */,
			);
			name = VVeboImageViewTests;
			productName = VVeboImageViewTests;
			productReference = C4BDBDAB18C9C5DD0072AD6B /* VVeboImageViewTests.xctest */;
			productType = "com.apple.product-type.bundle.unit-test";
		};
/* End PBXNativeTarget section */

/* Begin PBXProject section */
		C4BDBD8218C9C5DC0072AD6B /* Project object */ = {
			isa = PBXProject;
			attributes = {
				LastUpgradeCheck = 0500;
				ORGANIZATIONNAME = Johnil;
				TargetAttributes = {
					C4BDBDAA18C9C5DD0072AD6B = {
						TestTargetID = C4BDBD8918C9C5DC0072AD6B;
					};
				};
			};
			buildConfigurationList = C4BDBD8518C9C5DC0072AD6B /* Build configuration list for PBXProject "VVeboImageView" */;
			compatibilityVersion = "Xcode 3.2";
			developmentRegion = English;
			hasScannedForEncodings = 0;
			knownRegions = (
				en,
				Base,
			);
			mainGroup = C4BDBD8118C9C5DC0072AD6B;
			productRefGroup = C4BDBD8B18C9C5DC0072AD6B /* Products */;
			projectDirPath = "";
			projectRoot = "";
			targets = (
				C4BDBD8918C9C5DC0072AD6B /* VVeboImageView */,
				C4BDBDAA18C9C5DD0072AD6B /* VVeboImageViewTests */,
			);
		};
/* End PBXProject section */

/* Begin PBXResourcesBuildPhase section */
		C4BDBD8818C9C5DC0072AD6B /* Resources */ = {
			isa = PBXResourcesBuildPhase;
			buildActionMask = 2147483647;
			files = (
				C4BDBDA618C9C5DD0072AD6B /* Images.xcassets in Resources */,
				C4BDBD9818C9C5DC0072AD6B /* InfoPlist.strings in Resources */,
				C4BDBDA118C9C5DD0072AD6B /* Main.storyboard in Resources */,
			);
			runOnlyForDeploymentPostprocessing = 0;
		};
		C4BDBDA918C9C5DD0072AD6B /* Resources */ = {
			isa = PBXResourcesBuildPhase;
			buildActionMask = 2147483647;
			files = (
				C4BDBDB718C9C5DD0072AD6B /* InfoPlist.strings in Resources */,
			);
			runOnlyForDeploymentPostprocessing = 0;
		};
/* End PBXResourcesBuildPhase section */

/* Begin PBXShellScriptBuildPhase section */
		9F154AC9E7DE524DA2B137F7 /* Check Pods Manifest.lock */ = {
			isa = PBXShellScriptBuildPhase;
			buildActionMask = 2147483647;
			files = (
			);
			inputPaths = (
			);
			name = "Check Pods Manifest.lock";
			outputPaths = (
			);
			runOnlyForDeploymentPostprocessing = 0;
			shellPath = /bin/sh;
			shellScript = "diff \"${PODS_ROOT}/../Podfile.lock\" \"${PODS_ROOT}/Manifest.lock\" > /dev/null\nif [[ $? != 0 ]] ; then\n    cat << EOM\nerror: The sandbox is not in sync with the Podfile.lock. Run 'pod install' or update your CocoaPods installation.\nEOM\n    exit 1\nfi\n";
			showEnvVarsInLog = 0;
		};
		D897BDCD76D80016635527D7 /* Copy Pods Resources */ = {
			isa = PBXShellScriptBuildPhase;
			buildActionMask = 2147483647;
			files = (
			);
			inputPaths = (
			);
			name = "Copy Pods Resources";
			outputPaths = (
			);
			runOnlyForDeploymentPostprocessing = 0;
			shellPath = /bin/sh;
			shellScript = "\"${SRCROOT}/Pods/Target Support Files/Pods/Pods-resources.sh\"\n";
			showEnvVarsInLog = 0;
		};
/* End PBXShellScriptBuildPhase section */

/* Begin PBXSourcesBuildPhase section */
		C4BDBD8618C9C5DC0072AD6B /* Sources */ = {
			isa = PBXSourcesBuildPhase;
			buildActionMask = 2147483647;
			files = (
				C423A3F01B4E80B700664149 /* UIImage+VVebo.m in Sources */,
				C4BDBDA418C9C5DD0072AD6B /* ViewController.m in Sources */,
				C4BDBD9E18C9C5DC0072AD6B /* AppDelegate.m in Sources */,
				C4BDBD9A18C9C5DC0072AD6B /* main.m in Sources */,
				C423A3F21B4E80B700664149 /* VVeboImageTicker.m in Sources */,
				C423A3F11B4E80B700664149 /* UIImageView+VVebo.m in Sources */,
			);
			runOnlyForDeploymentPostprocessing = 0;
		};
		C4BDBDA718C9C5DD0072AD6B /* Sources */ = {
			isa = PBXSourcesBuildPhase;
			buildActionMask = 2147483647;
			files = (
				C4BDBDB918C9C5DD0072AD6B /* VVeboImageViewTests.m in Sources */,
			);
			runOnlyForDeploymentPostprocessing = 0;
		};
/* End PBXSourcesBuildPhase section */

/* Begin PBXTargetDependency section */
		C4BDBDB118C9C5DD0072AD6B /* PBXTargetDependency */ = {
			isa = PBXTargetDependency;
			target = C4BDBD8918C9C5DC0072AD6B /* VVeboImageView */;
			targetProxy = C4BDBDB018C9C5DD0072AD6B /* PBXContainerItemProxy */;
		};
/* End PBXTargetDependency section */

/* Begin PBXVariantGroup section */
		C4BDBD9618C9C5DC0072AD6B /* InfoPlist.strings */ = {
			isa = PBXVariantGroup;
			children = (
				C4BDBD9718C9C5DC0072AD6B /* en */,
			);
			name = InfoPlist.strings;
			sourceTree = "<group>";
		};
		C4BDBD9F18C9C5DD0072AD6B /* Main.storyboard */ = {
			isa = PBXVariantGroup;
			children = (
				C4BDBDA018C9C5DD0072AD6B /* Base */,
			);
			name = Main.storyboard;
			sourceTree = "<group>";
		};
		C4BDBDB518C9C5DD0072AD6B /* InfoPlist.strings */ = {
			isa = PBXVariantGroup;
			children = (
				C4BDBDB618C9C5DD0072AD6B /* en */,
			);
			name = InfoPlist.strings;
			sourceTree = "<group>";
		};
/* End PBXVariantGroup section */

/* Begin XCBuildConfiguration section */
		C4BDBDBA18C9C5DD0072AD6B /* Debug */ = {
			isa = XCBuildConfiguration;
			buildSettings = {
				ALWAYS_SEARCH_USER_PATHS = NO;
				ARCHS = "$(ARCHS_STANDARD_INCLUDING_64_BIT)";
				CLANG_CXX_LANGUAGE_STANDARD = "gnu++0x";
				CLANG_CXX_LIBRARY = "libc++";
				CLANG_ENABLE_MODULES = YES;
				CLANG_ENABLE_OBJC_ARC = YES;
				CLANG_WARN_BOOL_CONVERSION = YES;
				CLANG_WARN_CONSTANT_CONVERSION = YES;
				CLANG_WARN_DIRECT_OBJC_ISA_USAGE = YES_ERROR;
				CLANG_WARN_EMPTY_BODY = YES;
				CLANG_WARN_ENUM_CONVERSION = YES;
				CLANG_WARN_INT_CONVERSION = YES;
				CLANG_WARN_OBJC_ROOT_CLASS = YES_ERROR;
				CLANG_WARN__DUPLICATE_METHOD_MATCH = YES;
				"CODE_SIGN_IDENTITY[sdk=iphoneos*]" = "iPhone Developer";
				COPY_PHASE_STRIP = NO;
				GCC_C_LANGUAGE_STANDARD = gnu99;
				GCC_DYNAMIC_NO_PIC = NO;
				GCC_OPTIMIZATION_LEVEL = 0;
				GCC_PREPROCESSOR_DEFINITIONS = (
					"DEBUG=1",
					"$(inherited)",
				);
				GCC_SYMBOLS_PRIVATE_EXTERN = NO;
				GCC_WARN_64_TO_32_BIT_CONVERSION = YES;
				GCC_WARN_ABOUT_RETURN_TYPE = YES_ERROR;
				GCC_WARN_UNDECLARED_SELECTOR = YES;
				GCC_WARN_UNINITIALIZED_AUTOS = YES;
				GCC_WARN_UNUSED_FUNCTION = YES;
				GCC_WARN_UNUSED_VARIABLE = YES;
				IPHONEOS_DEPLOYMENT_TARGET = 7.0;
				ONLY_ACTIVE_ARCH = YES;
				SDKROOT = iphoneos;
			};
			name = Debug;
		};
		C4BDBDBB18C9C5DD0072AD6B /* Release */ = {
			isa = XCBuildConfiguration;
			buildSettings = {
				ALWAYS_SEARCH_USER_PATHS = NO;
				ARCHS = "$(ARCHS_STANDARD_INCLUDING_64_BIT)";
				CLANG_CXX_LANGUAGE_STANDARD = "gnu++0x";
				CLANG_CXX_LIBRARY = "libc++";
				CLANG_ENABLE_MODULES = YES;
				CLANG_ENABLE_OBJC_ARC = YES;
				CLANG_WARN_BOOL_CONVERSION = YES;
				CLANG_WARN_CONSTANT_CONVERSION = YES;
				CLANG_WARN_DIRECT_OBJC_ISA_USAGE = YES_ERROR;
				CLANG_WARN_EMPTY_BODY = YES;
				CLANG_WARN_ENUM_CONVERSION = YES;
				CLANG_WARN_INT_CONVERSION = YES;
				CLANG_WARN_OBJC_ROOT_CLASS = YES_ERROR;
				CLANG_WARN__DUPLICATE_METHOD_MATCH = YES;
				"CODE_SIGN_IDENTITY[sdk=iphoneos*]" = "iPhone Developer";
				COPY_PHASE_STRIP = YES;
				ENABLE_NS_ASSERTIONS = NO;
				GCC_C_LANGUAGE_STANDARD = gnu99;
				GCC_WARN_64_TO_32_BIT_CONVERSION = YES;
				GCC_WARN_ABOUT_RETURN_TYPE = YES_ERROR;
				GCC_WARN_UNDECLARED_SELECTOR = YES;
				GCC_WARN_UNINITIALIZED_AUTOS = YES;
				GCC_WARN_UNUSED_FUNCTION = YES;
				GCC_WARN_UNUSED_VARIABLE = YES;
				IPHONEOS_DEPLOYMENT_TARGET = 7.0;
				SDKROOT = iphoneos;
				VALIDATE_PRODUCT = YES;
			};
			name = Release;
		};
		C4BDBDBD18C9C5DD0072AD6B /* Debug */ = {
			isa = XCBuildConfiguration;
			baseConfigurationReference = C97CC8B36BF8FC41A9F546B4 /* Pods.debug.xcconfig */;
			buildSettings = {
				ASSETCATALOG_COMPILER_APPICON_NAME = AppIcon;
				ASSETCATALOG_COMPILER_LAUNCHIMAGE_NAME = LaunchImage;
				GCC_PRECOMPILE_PREFIX_HEADER = YES;
				GCC_PREFIX_HEADER = "VVeboImageView/VVeboImageView-Prefix.pch";
				INFOPLIST_FILE = "VVeboImageView/VVeboImageView-Info.plist";
				PRODUCT_NAME = "$(TARGET_NAME)";
				WRAPPER_EXTENSION = app;
			};
			name = Debug;
		};
		C4BDBDBE18C9C5DD0072AD6B /* Release */ = {
			isa = XCBuildConfiguration;
			baseConfigurationReference = 173CB14C85F68090738ECFE2 /* Pods.release.xcconfig */;
			buildSettings = {
				ASSETCATALOG_COMPILER_APPICON_NAME = AppIcon;
				ASSETCATALOG_COMPILER_LAUNCHIMAGE_NAME = LaunchImage;
				GCC_PRECOMPILE_PREFIX_HEADER = YES;
				GCC_PREFIX_HEADER = "VVeboImageView/VVeboImageView-Prefix.pch";
				INFOPLIST_FILE = "VVeboImageView/VVeboImageView-Info.plist";
				PRODUCT_NAME = "$(TARGET_NAME)";
				WRAPPER_EXTENSION = app;
			};
			name = Release;
		};
		C4BDBDC018C9C5DD0072AD6B /* Debug */ = {
			isa = XCBuildConfiguration;
			buildSettings = {
				ARCHS = "$(ARCHS_STANDARD_INCLUDING_64_BIT)";
				BUNDLE_LOADER = "$(BUILT_PRODUCTS_DIR)/VVeboImageView.app/VVeboImageView";
				FRAMEWORK_SEARCH_PATHS = (
					"$(SDKROOT)/Developer/Library/Frameworks",
					"$(inherited)",
					"$(DEVELOPER_FRAMEWORKS_DIR)",
				);
				GCC_PRECOMPILE_PREFIX_HEADER = YES;
				GCC_PREFIX_HEADER = "VVeboImageView/VVeboImageView-Prefix.pch";
				GCC_PREPROCESSOR_DEFINITIONS = (
					"DEBUG=1",
					"$(inherited)",
				);
				INFOPLIST_FILE = "VVeboImageViewTests/VVeboImageViewTests-Info.plist";
				PRODUCT_NAME = "$(TARGET_NAME)";
				TEST_HOST = "$(BUNDLE_LOADER)";
				WRAPPER_EXTENSION = xctest;
			};
			name = Debug;
		};
		C4BDBDC118C9C5DD0072AD6B /* Release */ = {
			isa = XCBuildConfiguration;
			buildSettings = {
				ARCHS = "$(ARCHS_STANDARD_INCLUDING_64_BIT)";
				BUNDLE_LOADER = "$(BUILT_PRODUCTS_DIR)/VVeboImageView.app/VVeboImageView";
				FRAMEWORK_SEARCH_PATHS = (
					"$(SDKROOT)/Developer/Library/Frameworks",
					"$(inherited)",
					"$(DEVELOPER_FRAMEWORKS_DIR)",
				);
				GCC_PRECOMPILE_PREFIX_HEADER = YES;
				GCC_PREFIX_HEADER = "VVeboImageView/VVeboImageView-Prefix.pch";
				INFOPLIST_FILE = "VVeboImageViewTests/VVeboImageViewTests-Info.plist";
				PRODUCT_NAME = "$(TARGET_NAME)";
				TEST_HOST = "$(BUNDLE_LOADER)";
				WRAPPER_EXTENSION = xctest;
			};
			name = Release;
		};
/* End XCBuildConfiguration section */

/* Begin XCConfigurationList section */
		C4BDBD8518C9C5DC0072AD6B /* Build configuration list for PBXProject "VVeboImageView" */ = {
			isa = XCConfigurationList;
			buildConfigurations = (
				C4BDBDBA18C9C5DD0072AD6B /* Debug */,
				C4BDBDBB18C9C5DD0072AD6B /* Release */,
			);
			defaultConfigurationIsVisible = 0;
			defaultConfigurationName = Release;
		};
		C4BDBDBC18C9C5DD0072AD6B /* Build configuration list for PBXNativeTarget "VVeboImageView" */ = {
			isa = XCConfigurationList;
			buildConfigurations = (
				C4BDBDBD18C9C5DD0072AD6B /* Debug */,
				C4BDBDBE18C9C5DD0072AD6B /* Release */,
			);
			defaultConfigurationIsVisible = 0;
			defaultConfigurationName = Release;
		};
		C4BDBDBF18C9C5DD0072AD6B /* Build configuration list for PBXNativeTarget "VVeboImageViewTests" */ = {
			isa = XCConfigurationList;
			buildConfigurations = (
				C4BDBDC018C9C5DD0072AD6B /* Debug */,
				C4BDBDC118C9C5DD0072AD6B /* Release */,
			);
			defaultConfigurationIsVisible = 0;
			defaultConfigurationName = Release;
		};
/* End XCConfigurationList section */
	};
	rootObject = C4BDBD8218C9C5DC0072AD6B /* Project object */;
}
